
Microsoft Visual Studio Solution File, Format Version 12.00
# Visual Studio Version 16
VisualStudioVersion = 16.0.29215.179
MinimumVisualStudioVersion = 10.0.40219.1
Project("{FAE04EC0-301F-11D3-BF4B-00C04F79EFBC}") = "AuditedEntity", "AuditedEntity\AuditedEntity.csproj", "{FB0882E9-EAA1-46A5-95B7-7D4DB7446ABC}"
EndProject
Global
	GlobalSection(SolutionConfigurationPlatforms) = preSolution
		Debug|Any CPU = Debug|Any CPU
		Release|Any CPU = Release|Any CPU
	EndGlobalSection
	GlobalSection(ProjectConfigurationPlatforms) = postSolution
		{FB0882E9-EAA1-46A5-95B7-7D4DB7446ABC}.Debug|Any CPU.ActiveCfg = Debug|Any CPU
		{FB0882E9-EAA1-46A5-95B7-7D4DB7446ABC}.Debug|Any CPU.Build.0 = Debug|Any CPU
		{FB0882E9-EAA1-46A5-95B7-7D4DB7446ABC}.Release|Any CPU.ActiveCfg = Release|Any CPU
		{FB0882E9-EAA1-46A5-95B7-7D4DB7446ABC}.Release|Any CPU.Build.0 = Release|Any CPU
	EndGlobalSection
	GlobalSection(SolutionProperties) = preSolution
		HideSolutionNode = FALSE
	EndGlobalSection
	GlobalSection(ExtensibilityGlobals) = postSolution
		SolutionGuid = {DD80CFE2-00EA-4BFC-B359-5902B9B3037C}
	EndGlobalSection
EndGlobal
